
Microsoft Visual Studio Solution File, Format Version 12.00
Project("{2150E333-8FDC-42A3-9474-1A3956D46DE8}") = "src", "src", "{0037F7DE-B62B-492F-86CB-D1AB9B3BDCF2}"
EndProject
Project("{FAE04EC0-301F-11D3-BF4B-00C04F79EFBC}") = "AvBeacon.Application", "AvBeacon.Application\AvBeacon.Application.csproj", "{856D73BF-A3F7-4751-A5E5-68347733ED8B}"
EndProject
Project("{FAE04EC0-301F-11D3-BF4B-00C04F79EFBC}") = "AvBeacon.Domain", "AvBeacon.Domain\AvBeacon.Domain.csproj", "{636072CD-64AC-4636-90A1-AF61574592C3}"
EndProject
Project("{FAE04EC0-301F-11D3-BF4B-00C04F79EFBC}") = "AvBeacon.Persistence", "AvBeacon.Persistence\AvBeacon.Persistence.csproj", "{4B98E7BD-AD53-4458-8F89-D2C753D24F5C}"
EndProject
Project("{FAE04EC0-301F-11D3-BF4B-00C04F79EFBC}") = "AvBeacon.Contracts", "AvBeacon.Contracts\AvBeacon.Contracts.csproj", "{4C856C45-D4C3-4F4A-AA19-97F0E715965C}"
EndProject
Project("{FAE04EC0-301F-11D3-BF4B-00C04F79EFBC}") = "AvBeacon.Infrastructure", "AvBeacon.Infrastructure\AvBeacon.Infrastructure.csproj", "{84CF24B8-F93B-43BB-8840-34CFB5B0942F}"
EndProject
Project("{2150E333-8FDC-42A3-9474-1A3956D46DE8}") = "Solution Items", "Solution Items", "{143B3636-642A-4FC5-A95F-AAE95E92A0BE}"
	ProjectSection(SolutionItems) = preProject
		docker-compose.yml = docker-compose.yml
	EndProjectSection
EndProject
Project("{FAE04EC0-301F-11D3-BF4B-00C04F79EFBC}") = "AvBeaconApi", "AvBeaconApi\AvBeaconApi.csproj", "{1A551D67-ED15-4349-8E74-D67B00796608}"
EndProject
Global
	GlobalSection(SolutionConfigurationPlatforms) = preSolution
		Debug|Any CPU = Debug|Any CPU
		Release|Any CPU = Release|Any CPU
	EndGlobalSection
	GlobalSection(NestedProjects) = preSolution
		{856D73BF-A3F7-4751-A5E5-68347733ED8B} = {0037F7DE-B62B-492F-86CB-D1AB9B3BDCF2}
		{636072CD-64AC-4636-90A1-AF61574592C3} = {0037F7DE-B62B-492F-86CB-D1AB9B3BDCF2}
		{4B98E7BD-AD53-4458-8F89-D2C753D24F5C} = {0037F7DE-B62B-492F-86CB-D1AB9B3BDCF2}
		{4C856C45-D4C3-4F4A-AA19-97F0E715965C} = {0037F7DE-B62B-492F-86CB-D1AB9B3BDCF2}
		{84CF24B8-F93B-43BB-8840-34CFB5B0942F} = {0037F7DE-B62B-492F-86CB-D1AB9B3BDCF2}
		{1A551D67-ED15-4349-8E74-D67B00796608} = {0037F7DE-B62B-492F-86CB-D1AB9B3BDCF2}
	EndGlobalSection
	GlobalSection(ProjectConfigurationPlatforms) = postSolution
		{856D73BF-A3F7-4751-A5E5-68347733ED8B}.Debug|Any CPU.ActiveCfg = Debug|Any CPU
		{856D73BF-A3F7-4751-A5E5-68347733ED8B}.Debug|Any CPU.Build.0 = Debug|Any CPU
		{856D73BF-A3F7-4751-A5E5-68347733ED8B}.Release|Any CPU.ActiveCfg = Release|Any CPU
		{856D73BF-A3F7-4751-A5E5-68347733ED8B}.Release|Any CPU.Build.0 = Release|Any CPU
		{636072CD-64AC-4636-90A1-AF61574592C3}.Debug|Any CPU.ActiveCfg = Debug|Any CPU
		{636072CD-64AC-4636-90A1-AF61574592C3}.Debug|Any CPU.Build.0 = Debug|Any CPU
		{636072CD-64AC-4636-90A1-AF61574592C3}.Release|Any CPU.ActiveCfg = Release|Any CPU
		{636072CD-64AC-4636-90A1-AF61574592C3}.Release|Any CPU.Build.0 = Release|Any CPU
		{4B98E7BD-AD53-4458-8F89-D2C753D24F5C}.Debug|Any CPU.ActiveCfg = Debug|Any CPU
		{4B98E7BD-AD53-4458-8F89-D2C753D24F5C}.Debug|Any CPU.Build.0 = Debug|Any CPU
		{4B98E7BD-AD53-4458-8F89-D2C753D24F5C}.Release|Any CPU.ActiveCfg = Release|Any CPU
		{4B98E7BD-AD53-4458-8F89-D2C753D24F5C}.Release|Any CPU.Build.0 = Release|Any CPU
		{4C856C45-D4C3-4F4A-AA19-97F0E715965C}.Debug|Any CPU.ActiveCfg = Debug|Any CPU
		{4C856C45-D4C3-4F4A-AA19-97F0E715965C}.Debug|Any CPU.Build.0 = Debug|Any CPU
		{4C856C45-D4C3-4F4A-AA19-97F0E715965C}.Release|Any CPU.ActiveCfg = Release|Any CPU
		{4C856C45-D4C3-4F4A-AA19-97F0E715965C}.Release|Any CPU.Build.0 = Release|Any CPU
		{84CF24B8-F93B-43BB-8840-34CFB5B0942F}.Debug|Any CPU.ActiveCfg = Debug|Any CPU
		{84CF24B8-F93B-43BB-8840-34CFB5B0942F}.Debug|Any CPU.Build.0 = Debug|Any CPU
		{84CF24B8-F93B-43BB-8840-34CFB5B0942F}.Release|Any CPU.ActiveCfg = Release|Any CPU
		{84CF24B8-F93B-43BB-8840-34CFB5B0942F}.Release|Any CPU.Build.0 = Release|Any CPU
		{1A551D67-ED15-4349-8E74-D67B00796608}.Debug|Any CPU.ActiveCfg = Debug|Any CPU
		{1A551D67-ED15-4349-8E74-D67B00796608}.Debug|Any CPU.Build.0 = Debug|Any CPU
		{1A551D67-ED15-4349-8E74-D67B00796608}.Release|Any CPU.ActiveCfg = Release|Any CPU
		{1A551D67-ED15-4349-8E74-D67B00796608}.Release|Any CPU.Build.0 = Release|Any CPU
	EndGlobalSection
EndGlobal
